// !$*UTF8*$!
{
	archiveVersion = 1;
	classes = {
	};
	objectVersion = 50;
	objects = {

/* Begin PBXBuildFile section */
		410DD17B227DCB340064FFD2 /* AppDelegate.swift in Sources */ = {isa = PBXBuildFile; fileRef = 410DD17A227DCB340064FFD2 /* AppDelegate.swift */; };
		410DD17D227DCB340064FFD2 /* ViewController.swift in Sources */ = {isa = PBXBuildFile; fileRef = 410DD17C227DCB340064FFD2 /* ViewController.swift */; };
		410DD180227DCB340064FFD2 /* Main.storyboard in Resources */ = {isa = PBXBuildFile; fileRef = 410DD17E227DCB340064FFD2 /* Main.storyboard */; };
		410DD182227DCB350064FFD2 /* Assets.xcassets in Resources */ = {isa = PBXBuildFile; fileRef = 410DD181227DCB350064FFD2 /* Assets.xcassets */; };
		410DD185227DCB350064FFD2 /* LaunchScreen.storyboard in Resources */ = {isa = PBXBuildFile; fileRef = 410DD183227DCB350064FFD2 /* LaunchScreen.storyboard */; };
		410DD194227DDF490064FFD2 /* note4.wav in Resources */ = {isa = PBXBuildFile; fileRef = 410DD18D227DDF490064FFD2 /* note4.wav */; };
		410DD195227DDF490064FFD2 /* note3.wav in Resources */ = {isa = PBXBuildFile; fileRef = 410DD18E227DDF490064FFD2 /* note3.wav */; };
		410DD196227DDF490064FFD2 /* note2.wav in Resources */ = {isa = PBXBuildFile; fileRef = 410DD18F227DDF490064FFD2 /* note2.wav */; };
		410DD197227DDF490064FFD2 /* note6.wav in Resources */ = {isa = PBXBuildFile; fileRef = 410DD190227DDF490064FFD2 /* note6.wav */; };
		410DD198227DDF490064FFD2 /* note1.wav in Resources */ = {isa = PBXBuildFile; fileRef = 410DD191227DDF490064FFD2 /* note1.wav */; };
		410DD199227DDF490064FFD2 /* note7.wav in Resources */ = {isa = PBXBuildFile; fileRef = 410DD192227DDF490064FFD2 /* note7.wav */; };
		410DD19A227DDF490064FFD2 /* note5.wav in Resources */ = {isa = PBXBuildFile; fileRef = 410DD193227DDF490064FFD2 /* note5.wav */; };
/* End PBXBuildFile section */

/* Begin PBXFileReference section */
		410DD177227DCB340064FFD2 /* Xylophone.app */ = {isa = PBXFileReference; explicitFileType = wrapper.application; includeInIndex = 0; path = Xylophone.app; sourceTree = BUILT_PRODUCTS_DIR; };
		410DD17A227DCB340064FFD2 /* AppDelegate.swift */ = {isa = PBXFileReference; lastKnownFileType = sourcecode.swift; path = AppDelegate.swift; sourceTree = "<group>"; };
		410DD17C227DCB340064FFD2 /* ViewController.swift */ = {isa = PBXFileReference; lastKnownFileType = sourcecode.swift; path = ViewController.swift; sourceTree = "<group>"; };
		410DD17F227DCB340064FFD2 /* Base */ = {isa = PBXFileReference; lastKnownFileType = file.storyboard; name = Base; path = Base.lproj/Main.storyboard; sourceTree = "<group>"; };
		410DD181227DCB350064FFD2 /* Assets.xcassets */ = {isa = PBXFileReference; lastKnownFileType = folder.assetcatalog; path = Assets.xcassets; sourceTree = "<group>"; };
		410DD184227DCB350064FFD2 /* Base */ = {isa = PBXFileReference; lastKnownFileType = file.storyboard; name = Base; path = Base.lproj/LaunchScreen.storyboard; sourceTree = "<group>"; };
		410DD186227DCB350064FFD2 /* Info.plist */ = {isa = PBXFileReference; lastKnownFileType = text.plist.xml; path = Info.plist; sourceTree = "<group>"; };
		410DD18D227DDF490064FFD2 /* note4.wav */ = {isa = PBXFileReference; lastKnownFileType = audio.wav; name = note4.wav; path = Xylophone/note4.wav; sourceTree = SOURCE_ROOT; };
		410DD18E227DDF490064FFD2 /* note3.wav */ = {isa = PBXFileReference; lastKnownFileType = audio.wav; name = note3.wav; path = Xylophone/note3.wav; sourceTree = SOURCE_ROOT; };
		410DD18F227DDF490064FFD2 /* note2.wav */ = {isa = PBXFileReference; lastKnownFileType = audio.wav; name = note2.wav; path = Xylophone/note2.wav; sourceTree = SOURCE_ROOT; };
		410DD190227DDF490064FFD2 /* note6.wav */ = {isa = PBXFileReference; lastKnownFileType = audio.wav; name = note6.wav; path = Xylophone/note6.wav; sourceTree = SOURCE_ROOT; };
		410DD191227DDF490064FFD2 /* note1.wav */ = {isa = PBXFileReference; lastKnownFileType = audio.wav; name = note1.wav; path = Xylophone/note1.wav; sourceTree = SOURCE_ROOT; };
		410DD192227DDF490064FFD2 /* note7.wav */ = {isa = PBXFileReference; lastKnownFileType = audio.wav; name = note7.wav; path = Xylophone/note7.wav; sourceTree = SOURCE_ROOT; };
		410DD193227DDF490064FFD2 /* note5.wav */ = {isa = PBXFileReference; lastKnownFileType = audio.wav; name = note5.wav; path = Xylophone/note5.wav; sourceTree = SOURCE_ROOT; };
/* End PBXFileReference section */

/* Begin PBXFrameworksBuildPhase section */
		410DD174227DCB340064FFD2 /* Frameworks */ = {
			isa = PBXFrameworksBuildPhase;
			buildActionMask = 2147483647;
			files = (
			);
			runOnlyForDeploymentPostprocessing = 0;
		};
/* End PBXFrameworksBuildPhase section */

/* Begin PBXGroup section */
		410DD16E227DCB340064FFD2 = {
			isa = PBXGroup;
			children = (
				410DD179227DCB340064FFD2 /* Xylophone */,
				410DD178227DCB340064FFD2 /* Products */,
			);
			sourceTree = "<group>";
		};
		410DD178227DCB340064FFD2 /* Products */ = {
			isa = PBXGroup;
			children = (
				410DD177227DCB340064FFD2 /* Xylophone.app */,
			);
			name = Products;
			sourceTree = "<group>";
		};
		410DD179227DCB340064FFD2 /* Xylophone */ = {
			isa = PBXGroup;
			children = (
				410DD17A227DCB340064FFD2 /* AppDelegate.swift */,
				410DD17C227DCB340064FFD2 /* ViewController.swift */,
				410DD17E227DCB340064FFD2 /* Main.storyboard */,
				410DD181227DCB350064FFD2 /* Assets.xcassets */,
				410DD183227DCB350064FFD2 /* LaunchScreen.storyboard */,
				410DD186227DCB350064FFD2 /* Info.plist */,
				410DD18C227DDF080064FFD2 /* Sound Files */,
			);
			path = Xylophone;
			sourceTree = "<group>";
		};
		410DD18C227DDF080064FFD2 /* Sound Files */ = {
			isa = PBXGroup;
			children = (
				410DD191227DDF490064FFD2 /* note1.wav */,
				410DD18F227DDF490064FFD2 /* note2.wav */,
				410DD18E227DDF490064FFD2 /* note3.wav */,
				410DD18D227DDF490064FFD2 /* note4.wav */,
				410DD193227DDF490064FFD2 /* note5.wav */,
				410DD190227DDF490064FFD2 /* note6.wav */,
				410DD192227DDF490064FFD2 /* note7.wav */,
			);
			path = "Sound Files";
			sourceTree = "<group>";
		};
/* End PBXGroup section */

/* Begin PBXNativeTarget section */
		410DD176227DCB340064FFD2 /* Xylophone */ = {
			isa = PBXNativeTarget;
			buildConfigurationList = 410DD189227DCB350064FFD2 /* Build configuration list for PBXNativeTarget "Xylophone" */;
			buildPhases = (
				410DD173227DCB340064FFD2 /* Sources */,
				410DD174227DCB340064FFD2 /* Frameworks */,
				410DD175227DCB340064FFD2 /* Resources */,
			);
			buildRules = (
			);
			dependencies = (
			);
			name = Xylophone;
			productName = Xylophone;
			productReference = 410DD177227DCB340064FFD2 /* Xylophone.app */;
			productType = "com.apple.product-type.application";
		};
/* End PBXNativeTarget section */

/* Begin PBXProject section */
		410DD16F227DCB340064FFD2 /* Project object */ = {
			isa = PBXProject;
			attributes = {
				LastSwiftUpdateCheck = 1020;
				LastUpgradeCheck = 1020;
				ORGANIZATIONNAME = "Ali Mostafa";
				TargetAttributes = {
					410DD176227DCB340064FFD2 = {
						CreatedOnToolsVersion = 10.2.1;
					};
				};
			};
			buildConfigurationList = 410DD172227DCB340064FFD2 /* Build configuration list for PBXProject "Xylophone" */;
			compatibilityVersion = "Xcode 9.3";
			developmentRegion = en;
			hasScannedForEncodings = 0;
			knownRegions = (
				en,
				Base,
			);
			mainGroup = 410DD16E227DCB340064FFD2;
			productRefGroup = 410DD178227DCB340064FFD2 /* Products */;
			projectDirPath = "";
			projectRoot = "";
			targets = (
				410DD176227DCB340064FFD2 /* Xylophone */,
			);
		};
/* End PBXProject section */

/* Begin PBXResourcesBuildPhase section */
		410DD175227DCB340064FFD2 /* Resources */ = {
			isa = PBXResourcesBuildPhase;
			buildActionMask = 2147483647;
			files = (
				410DD19A227DDF490064FFD2 /* note5.wav in Resources */,
				410DD199227DDF490064FFD2 /* note7.wav in Resources */,
				410DD185227DCB350064FFD2 /* LaunchScreen.storyboard in Resources */,
				410DD182227DCB350064FFD2 /* Assets.xcassets in Resources */,
				410DD180227DCB340064FFD2 /* Main.storyboard in Resources */,
				410DD197227DDF490064FFD2 /* note6.wav in Resources */,
				410DD198227DDF490064FFD2 /* note1.wav in Resources */,
				410DD196227DDF490064FFD2 /* note2.wav in Resources */,
				410DD194227DDF490064FFD2 /* note4.wav in Resources */,
				410DD195227DDF490064FFD2 /* note3.wav in Resources */,
			);
			runOnlyForDeploymentPostprocessing = 0;
		};
/* End PBXResourcesBuildPhase section */

/* Begin PBXSourcesBuildPhase section */
		410DD173227DCB340064FFD2 /* Sources */ = {
			isa = PBXSourcesBuildPhase;
			buildActionMask = 2147483647;
			files = (
				410DD17D227DCB340064FFD2 /* ViewController.swift in Sources */,
				410DD17B227DCB340064FFD2 /* AppDelegate.swift in Sources */,
			);
			runOnlyForDeploymentPostprocessing = 0;
		};
/* End PBXSourcesBuildPhase section */

/* Begin PBXVariantGroup section */
		410DD17E227DCB340064FFD2 /* Main.storyboard */ = {
			isa = PBXVariantGroup;
			children = (
				410DD17F227DCB340064FFD2 /* Base */,
			);
			name = Main.storyboard;
			sourceTree = "<group>";
		};
		410DD183227DCB350064FFD2 /* LaunchScreen.storyboard */ = {
			isa = PBXVariantGroup;
			children = (
				410DD184227DCB350064FFD2 /* Base */,
			);
			name = LaunchScreen.storyboard;
			sourceTree = "<group>";
		};
/* End PBXVariantGroup section */

/* Begin XCBuildConfiguration section */
		410DD187227DCB350064FFD2 /* Debug */ = {
			isa = XCBuildConfiguration;
			buildSettings = {
				ALWAYS_SEARCH_USER_PATHS = NO;
				CLANG_ANALYZER_NONNULL = YES;
				CLANG_ANALYZER_NUMBER_OBJECT_CONVERSION = YES_AGGRESSIVE;
				CLANG_CXX_LANGUAGE_STANDARD = "gnu++14";
				CLANG_CXX_LIBRARY = "libc++";
				CLANG_ENABLE_MODULES = YES;
				CLANG_ENABLE_OBJC_ARC = YES;
				CLANG_ENABLE_OBJC_WEAK = YES;
				CLANG_WARN_BLOCK_CAPTURE_AUTORELEASING = YES;
				CLANG_WARN_BOOL_CONVERSION = YES;
				CLANG_WARN_COMMA = YES;
				CLANG_WARN_CONSTANT_CONVERSION = YES;
				CLANG_WARN_DEPRECATED_OBJC_IMPLEMENTATIONS = YES;
				CLANG_WARN_DIRECT_OBJC_ISA_USAGE = YES_ERROR;
				CLANG_WARN_DOCUMENTATION_COMMENTS = YES;
				CLANG_WARN_EMPTY_BODY = YES;
				CLANG_WARN_ENUM_CONVERSION = YES;
				CLANG_WARN_INFINITE_RECURSION = YES;
				CLANG_WARN_INT_CONVERSION = YES;
				CLANG_WARN_NON_LITERAL_NULL_CONVERSION = YES;
				CLANG_WARN_OBJC_IMPLICIT_RETAIN_SELF = YES;
				CLANG_WARN_OBJC_LITERAL_CONVERSION = YES;
				CLANG_WARN_OBJC_ROOT_CLASS = YES_ERROR;
				CLANG_WARN_RANGE_LOOP_ANALYSIS = YES;
				CLANG_WARN_STRICT_PROTOTYPES = YES;
				CLANG_WARN_SUSPICIOUS_MOVE = YES;
				CLANG_WARN_UNGUARDED_AVAILABILITY = YES_AGGRESSIVE;
				CLANG_WARN_UNREACHABLE_CODE = YES;
				CLANG_WARN__DUPLICATE_METHOD_MATCH = YES;
				CODE_SIGN_IDENTITY = "iPhone Developer";
				COPY_PHASE_STRIP = NO;
				DEBUG_INFORMATION_FORMAT = dwarf;
				ENABLE_STRICT_OBJC_MSGSEND = YES;
				ENABLE_TESTABILITY = YES;
				GCC_C_LANGUAGE_STANDARD = gnu11;
				GCC_DYNAMIC_NO_PIC = NO;
				GCC_NO_COMMON_BLOCKS = YES;
				GCC_OPTIMIZATION_LEVEL = 0;
				GCC_PREPROCESSOR_DEFINITIONS = (
					"DEBUG=1",
					"$(inherited)",
				);
				GCC_WARN_64_TO_32_BIT_CONVERSION = YES;
				GCC_WARN_ABOUT_RETURN_TYPE = YES_ERROR;
				GCC_WARN_UNDECLARED_SELECTOR = YES;
				GCC_WARN_UNINITIALIZED_AUTOS = YES_AGGRESSIVE;
				GCC_WARN_UNUSED_FUNCTION = YES;
				GCC_WARN_UNUSED_VARIABLE = YES;
				IPHONEOS_DEPLOYMENT_TARGET = 12.2;
				MTL_ENABLE_DEBUG_INFO = INCLUDE_SOURCE;
				MTL_FAST_MATH = YES;
				ONLY_ACTIVE_ARCH = YES;
				SDKROOT = iphoneos;
				SWIFT_ACTIVE_COMPILATION_CONDITIONS = DEBUG;
				SWIFT_OPTIMIZATION_LEVEL = "-Onone";
			};
			name = Debug;
		};
		410DD188227DCB350064FFD2 /* Release */ = {
			isa = XCBuildConfiguration;
			buildSettings = {
				ALWAYS_SEARCH_USER_PATHS = NO;
				CLANG_ANALYZER_NONNULL = YES;
				CLANG_ANALYZER_NUMBER_OBJECT_CONVERSION = YES_AGGRESSIVE;
				CLANG_CXX_LANGUAGE_STANDARD = "gnu++14";
				CLANG_CXX_LIBRARY = "libc++";
				CLANG_ENABLE_MODULES = YES;
				CLANG_ENABLE_OBJC_ARC = YES;
				CLANG_ENABLE_OBJC_WEAK = YES;
				CLANG_WARN_BLOCK_CAPTURE_AUTORELEASING = YES;
				CLANG_WARN_BOOL_CONVERSION = YES;
				CLANG_WARN_COMMA = YES;
				CLANG_WARN_CONSTANT_CONVERSION = YES;
				CLANG_WARN_DEPRECATED_OBJC_IMPLEMENTATIONS = YES;
				CLANG_WARN_DIRECT_OBJC_ISA_USAGE = YES_ERROR;
				CLANG_WARN_DOCUMENTATION_COMMENTS = YES;
				CLANG_WARN_EMPTY_BODY = YES;
				CLANG_WARN_ENUM_CONVERSION = YES;
				CLANG_WARN_INFINITE_RECURSION = YES;
				CLANG_WARN_INT_CONVERSION = YES;
				CLANG_WARN_NON_LITERAL_NULL_CONVERSION = YES;
				CLANG_WARN_OBJC_IMPLICIT_RETAIN_SELF = YES;
				CLANG_WARN_OBJC_LITERAL_CONVERSION = YES;
				CLANG_WARN_OBJC_ROOT_CLASS = YES_ERROR;
				CLANG_WARN_RANGE_LOOP_ANALYSIS = YES;
				CLANG_WARN_STRICT_PROTOTYPES = YES;
				CLANG_WARN_SUSPICIOUS_MOVE = YES;
				CLANG_WARN_UNGUARDED_AVAILABILITY = YES_AGGRESSIVE;
				CLANG_WARN_UNREACHABLE_CODE = YES;
				CLANG_WARN__DUPLICATE_METHOD_MATCH = YES;
				CODE_SIGN_IDENTITY = "iPhone Developer";
				COPY_PHASE_STRIP = NO;
				DEBUG_INFORMATION_FORMAT = "dwarf-with-dsym";
				ENABLE_NS_ASSERTIONS = NO;
				ENABLE_STRICT_OBJC_MSGSEND = YES;
				GCC_C_LANGUAGE_STANDARD = gnu11;
				GCC_NO_COMMON_BLOCKS = YES;
				GCC_WARN_64_TO_32_BIT_CONVERSION = YES;
				GCC_WARN_ABOUT_RETURN_TYPE = YES_ERROR;
				GCC_WARN_UNDECLARED_SELECTOR = YES;
				GCC_WARN_UNINITIALIZED_AUTOS = YES_AGGRESSIVE;
				GCC_WARN_UNUSED_FUNCTION = YES;
				GCC_WARN_UNUSED_VARIABLE = YES;
				IPHONEOS_DEPLOYMENT_TARGET = 12.2;
				MTL_ENABLE_DEBUG_INFO = NO;
				MTL_FAST_MATH = YES;
				SDKROOT = iphoneos;
				SWIFT_COMPILATION_MODE = wholemodule;
				SWIFT_OPTIMIZATION_LEVEL = "-O";
				VALIDATE_PRODUCT = YES;
			};
			name = Release;
		};
		410DD18A227DCB350064FFD2 /* Debug */ = {
			isa = XCBuildConfiguration;
			buildSettings = {
				ASSETCATALOG_COMPILER_APPICON_NAME = AppIcon;
				CODE_SIGN_STYLE = Automatic;
				DEVELOPMENT_TEAM = GY2MXNK3U9;
				INFOPLIST_FILE = Xylophone/Info.plist;
				LD_RUNPATH_SEARCH_PATHS = (
					"$(inherited)",
					"@executable_path/Frameworks",
				);
				PRODUCT_BUNDLE_IDENTIFIER = com.AliMostafa.Xylophone;
				PRODUCT_NAME = "$(TARGET_NAME)";
				SWIFT_VERSION = 5.0;
				TARGETED_DEVICE_FAMILY = "1,2";
			};
			name = Debug;
		};
		410DD18B227DCB350064FFD2 /* Release */ = {
			isa = XCBuildConfiguration;
			buildSettings = {
				ASSETCATALOG_COMPILER_APPICON_NAME = AppIcon;
				CODE_SIGN_STYLE = Automatic;
				DEVELOPMENT_TEAM = GY2MXNK3U9;
				INFOPLIST_FILE = Xylophone/Info.plist;
				LD_RUNPATH_SEARCH_PATHS = (
					"$(inherited)",
					"@executable_path/Frameworks",
				);
				PRODUCT_BUNDLE_IDENTIFIER = com.AliMostafa.Xylophone;
				PRODUCT_NAME = "$(TARGET_NAME)";
				SWIFT_VERSION = 5.0;
				TARGETED_DEVICE_FAMILY = "1,2";
			};
			name = Release;
		};
/* End XCBuildConfiguration section */

/* Begin XCConfigurationList section */
		410DD172227DCB340064FFD2 /* Build configuration list for PBXProject "Xylophone" */ = {
			isa = XCConfigurationList;
			buildConfigurations = (
				410DD187227DCB350064FFD2 /* Debug */,
				410DD188227DCB350064FFD2 /* Release */,
			);
			defaultConfigurationIsVisible = 0;
			defaultConfigurationName = Release;
		};
		410DD189227DCB350064FFD2 /* Build configuration list for PBXNativeTarget "Xylophone" */ = {
			isa = XCConfigurationList;
			buildConfigurations = (
				410DD18A227DCB350064FFD2 /* Debug */,
				410DD18B227DCB350064FFD2 /* Release */,
			);
			defaultConfigurationIsVisible = 0;
			defaultConfigurationName = Release;
		};
/* End XCConfigurationList section */
	};
	rootObject = 410DD16F227DCB340064FFD2 /* Project object */;
}
